
Microsoft Visual Studio Solution File, Format Version 12.00
# Visual Studio Version 17
VisualStudioVersion = 17.10.34928.147
MinimumVisualStudioVersion = 10.0.40219.1
Project("{FAE04EC0-301F-11D3-BF4B-00C04F79EFBC}") = "lab3_3sem3", "lab3_3sem3\lab3_3sem3.csproj", "{381689B0-1620-4E63-B9BD-39010CDCC06E}"
EndProject
Project("{FAE04EC0-301F-11D3-BF4B-00C04F79EFBC}") = "TestLab3", "TestLab3\TestLab3.csproj", "{91F7FA60-0B50-463A-A8C2-3169455AF9B1}"
EndProject
Global
	GlobalSection(SolutionConfigurationPlatforms) = preSolution
		Debug|Any CPU = Debug|Any CPU
		Release|Any CPU = Release|Any CPU
	EndGlobalSection
	GlobalSection(ProjectConfigurationPlatforms) = postSolution
		{381689B0-1620-4E63-B9BD-39010CDCC06E}.Debug|Any CPU.ActiveCfg = Debug|Any CPU
		{381689B0-1620-4E63-B9BD-39010CDCC06E}.Debug|Any CPU.Build.0 = Debug|Any CPU
		{381689B0-1620-4E63-B9BD-39010CDCC06E}.Release|Any CPU.ActiveCfg = Release|Any CPU
		{381689B0-1620-4E63-B9BD-39010CDCC06E}.Release|Any CPU.Build.0 = Release|Any CPU
		{91F7FA60-0B50-463A-A8C2-3169455AF9B1}.Debug|Any CPU.ActiveCfg = Debug|Any CPU
		{91F7FA60-0B50-463A-A8C2-3169455AF9B1}.Debug|Any CPU.Build.0 = Debug|Any CPU
		{91F7FA60-0B50-463A-A8C2-3169455AF9B1}.Release|Any CPU.ActiveCfg = Release|Any CPU
		{91F7FA60-0B50-463A-A8C2-3169455AF9B1}.Release|Any CPU.Build.0 = Release|Any CPU
	EndGlobalSection
	GlobalSection(SolutionProperties) = preSolution
		HideSolutionNode = FALSE
	EndGlobalSection
	GlobalSection(ExtensibilityGlobals) = postSolution
		SolutionGuid = {9E107FA1-B380-4544-951D-E960686C2427}
	EndGlobalSection
EndGlobal
